
Microsoft Visual Studio Solution File, Format Version 12.00
# Visual Studio Version 17
VisualStudioVersion = 17.0.31903.59
MinimumVisualStudioVersion = 10.0.40219.1
Project("{2150E333-8FDC-42A3-9474-1A3956D46DE8}") = "apps", "apps", "{7EF7BFAE-F38C-4731-AD2F-08D952EA8A2B}"
EndProject
Project("{FAE04EC0-301F-11D3-BF4B-00C04F79EFBC}") = "IdentityServer", "apps\identity-server\IdentityServer.csproj", "{58D06221-5183-4B10-A08C-38D10AF882FA}"
EndProject
Global
	GlobalSection(SolutionConfigurationPlatforms) = preSolution
		Debug|Any CPU = Debug|Any CPU
		Release|Any CPU = Release|Any CPU
	EndGlobalSection
	GlobalSection(SolutionProperties) = preSolution
		HideSolutionNode = FALSE
	EndGlobalSection
	GlobalSection(ProjectConfigurationPlatforms) = postSolution
		{58D06221-5183-4B10-A08C-38D10AF882FA}.Debug|Any CPU.ActiveCfg = Debug|Any CPU
		{58D06221-5183-4B10-A08C-38D10AF882FA}.Debug|Any CPU.Build.0 = Debug|Any CPU
		{58D06221-5183-4B10-A08C-38D10AF882FA}.Release|Any CPU.ActiveCfg = Release|Any CPU
		{58D06221-5183-4B10-A08C-38D10AF882FA}.Release|Any CPU.Build.0 = Release|Any CPU
	EndGlobalSection
	GlobalSection(NestedProjects) = preSolution
		{58D06221-5183-4B10-A08C-38D10AF882FA} = {7EF7BFAE-F38C-4731-AD2F-08D952EA8A2B}
	EndGlobalSection
EndGlobal
